
Microsoft Visual Studio Solution File, Format Version 12.00
# Visual Studio Version 16
VisualStudioVersion = 16.0.30204.135
MinimumVisualStudioVersion = 10.0.40219.1
Project("{FAE04EC0-301F-11D3-BF4B-00C04F79EFBC}") = "PdfProcessing", "PdfProcessing\PdfProcessing.csproj", "{1113314C-C2A2-4D0D-8046-C017EC489361}"
EndProject
Global
	GlobalSection(SolutionConfigurationPlatforms) = preSolution
		Debug|Any CPU = Debug|Any CPU
		Release|Any CPU = Release|Any CPU
	EndGlobalSection
	GlobalSection(ProjectConfigurationPlatforms) = postSolution
		{1113314C-C2A2-4D0D-8046-C017EC489361}.Debug|Any CPU.ActiveCfg = Debug|Any CPU
		{1113314C-C2A2-4D0D-8046-C017EC489361}.Debug|Any CPU.Build.0 = Debug|Any CPU
		{1113314C-C2A2-4D0D-8046-C017EC489361}.Release|Any CPU.ActiveCfg = Release|Any CPU
		{1113314C-C2A2-4D0D-8046-C017EC489361}.Release|Any CPU.Build.0 = Release|Any CPU
	EndGlobalSection
	GlobalSection(SolutionProperties) = preSolution
		HideSolutionNode = FALSE
	EndGlobalSection
	GlobalSection(ExtensibilityGlobals) = postSolution
		SolutionGuid = {E483392A-BEEB-49C5-84BA-F1EDDA158635}
	EndGlobalSection
EndGlobal
